
Microsoft Visual Studio Solution File, Format Version 12.00
# Visual Studio Version 16
VisualStudioVersion = 16.0.29709.97
MinimumVisualStudioVersion = 10.0.40219.1
Project("{FAE04EC0-301F-11D3-BF4B-00C04F79EFBC}") = "Lab1", "Lab1.csproj", "{45B7B416-1D91-47BF-B8ED-E468868D2795}"
EndProject
Global
	GlobalSection(SolutionConfigurationPlatforms) = preSolution
		Debug|Any CPU = Debug|Any CPU
		Release|Any CPU = Release|Any CPU
	EndGlobalSection
	GlobalSection(ProjectConfigurationPlatforms) = postSolution
		{45B7B416-1D91-47BF-B8ED-E468868D2795}.Debug|Any CPU.ActiveCfg = Debug|Any CPU
		{45B7B416-1D91-47BF-B8ED-E468868D2795}.Debug|Any CPU.Build.0 = Debug|Any CPU
		{45B7B416-1D91-47BF-B8ED-E468868D2795}.Release|Any CPU.ActiveCfg = Release|Any CPU
		{45B7B416-1D91-47BF-B8ED-E468868D2795}.Release|Any CPU.Build.0 = Release|Any CPU
	EndGlobalSection
	GlobalSection(SolutionProperties) = preSolution
		HideSolutionNode = FALSE
	EndGlobalSection
	GlobalSection(ExtensibilityGlobals) = postSolution
		SolutionGuid = {A90FE857-B0F2-4846-B525-782930064BF6}
	EndGlobalSection
EndGlobal
